
Microsoft Visual Studio Solution File, Format Version 12.00
# Visual Studio Version 16
VisualStudioVersion = 16.0.31702.278
MinimumVisualStudioVersion = 10.0.40219.1
Project("{FAE04EC0-301F-11D3-BF4B-00C04F79EFBC}") = "Train_Task", "Train_Task\Train_Task.csproj", "{A6A6999E-6D44-441E-A80E-CE5577A47971}"
EndProject
Global
	GlobalSection(SolutionConfigurationPlatforms) = preSolution
		Debug|Any CPU = Debug|Any CPU
		Release|Any CPU = Release|Any CPU
	EndGlobalSection
	GlobalSection(ProjectConfigurationPlatforms) = postSolution
		{A6A6999E-6D44-441E-A80E-CE5577A47971}.Debug|Any CPU.ActiveCfg = Debug|Any CPU
		{A6A6999E-6D44-441E-A80E-CE5577A47971}.Debug|Any CPU.Build.0 = Debug|Any CPU
		{A6A6999E-6D44-441E-A80E-CE5577A47971}.Release|Any CPU.ActiveCfg = Release|Any CPU
		{A6A6999E-6D44-441E-A80E-CE5577A47971}.Release|Any CPU.Build.0 = Release|Any CPU
	EndGlobalSection
	GlobalSection(SolutionProperties) = preSolution
		HideSolutionNode = FALSE
	EndGlobalSection
	GlobalSection(ExtensibilityGlobals) = postSolution
		SolutionGuid = {6AC1B3CC-0C87-4421-8F95-A463F5EA94DF}
	EndGlobalSection
EndGlobal
